# THIS IS AN AUTOGENERATED FILE. DO NOT EDIT THIS FILE DIRECTLY.
# yarn lockfile v1


classnames@^2.2.5:
  version "2.2.5"
  resolved "https://registry.yarnpkg.com/classnames/-/classnames-2.2.5.tgz#fb3801d453467649ef3603c7d61a02bd129bde6d"

react-table@^6.8.0:
  version "6.8.0"
  resolved "https://registry.yarnpkg.com/react-table/-/react-table-6.8.0.tgz#5ce402eb735df68534c03dabb3faa031478b6a58"
  dependencies:
    classnames "^2.2.5"
